
Microsoft Visual Studio Solution File, Format Version 12.00
# Visual Studio Version 17
VisualStudioVersion = 17.13.35825.156 d17.13
MinimumVisualStudioVersion = 10.0.40219.1
Project("{FAE04EC0-301F-11D3-BF4B-00C04F79EFBC}") = "PortfolioManagementApi", "PortfolioManagementApi.csproj", "{F458A28B-4771-4FEF-B80F-4EB804F78396}"
EndProject
Global
	GlobalSection(SolutionConfigurationPlatforms) = preSolution
		Debug|Any CPU = Debug|Any CPU
		Release|Any CPU = Release|Any CPU
	EndGlobalSection
	GlobalSection(ProjectConfigurationPlatforms) = postSolution
		{F458A28B-4771-4FEF-B80F-4EB804F78396}.Debug|Any CPU.ActiveCfg = Debug|Any CPU
		{F458A28B-4771-4FEF-B80F-4EB804F78396}.Debug|Any CPU.Build.0 = Debug|Any CPU
		{F458A28B-4771-4FEF-B80F-4EB804F78396}.Release|Any CPU.ActiveCfg = Release|Any CPU
		{F458A28B-4771-4FEF-B80F-4EB804F78396}.Release|Any CPU.Build.0 = Release|Any CPU
	EndGlobalSection
	GlobalSection(SolutionProperties) = preSolution
		HideSolutionNode = FALSE
	EndGlobalSection
	GlobalSection(ExtensibilityGlobals) = postSolution
		SolutionGuid = {CC1045BC-7B1C-499A-8A45-7431AA7DC12F}
	EndGlobalSection
EndGlobal
